
Microsoft Visual Studio Solution File, Format Version 12.00
# Visual Studio 15
VisualStudioVersion = 15.0.27703.2047
MinimumVisualStudioVersion = 10.0.40219.1
Project("{FAE04EC0-301F-11D3-BF4B-00C04F79EFBC}") = "Distancify.SerilogExtensions", "Distancify.SerilogExtensions\Distancify.SerilogExtensions.csproj", "{124A000F-9553-4E3D-B5CF-3904C3588899}"
EndProject
Project("{2150E333-8FDC-42A3-9474-1A3956D46DE8}") = "Solution Items", "Solution Items", "{B3A24626-0D30-4570-95C3-95C720BC8816}"
	ProjectSection(SolutionItems) = preProject
		appveyor.yml = appveyor.yml
		CONTRIBUTING.md = CONTRIBUTING.md
		LICENSE = LICENSE
		README.md = README.md
	EndProjectSection
EndProject
Global
	GlobalSection(SolutionConfigurationPlatforms) = preSolution
		Debug|Any CPU = Debug|Any CPU
		Release|Any CPU = Release|Any CPU
	EndGlobalSection
	GlobalSection(ProjectConfigurationPlatforms) = postSolution
		{124A000F-9553-4E3D-B5CF-3904C3588899}.Debug|Any CPU.ActiveCfg = Debug|Any CPU
		{124A000F-9553-4E3D-B5CF-3904C3588899}.Debug|Any CPU.Build.0 = Debug|Any CPU
		{124A000F-9553-4E3D-B5CF-3904C3588899}.Release|Any CPU.ActiveCfg = Release|Any CPU
		{124A000F-9553-4E3D-B5CF-3904C3588899}.Release|Any CPU.Build.0 = Release|Any CPU
	EndGlobalSection
	GlobalSection(SolutionProperties) = preSolution
		HideSolutionNode = FALSE
	EndGlobalSection
	GlobalSection(ExtensibilityGlobals) = postSolution
		SolutionGuid = {6393AE3E-4535-4BBC-9F83-07306F724F08}
	EndGlobalSection
EndGlobal
